{
  "name": "aevrin",
  "version": "0.3.1",
  "lockfileVersion": 3,
  "requires": true,
  "packages": {
    "": {
      "name": "aevrin",
      "version": "0.3.1",
      "hasInstallScript": true,
      "license": "MIT",
      "bin": {
        "aevrin": "bin/aevrin.js"
      },
      "engines": {
        "node": ">=18"
      }
    }
  }
}
